Microsoft Visual Studio Solution File, Format Version 12.00
# Visual Studio Version 17
VisualStudioVersion = 17.5.2.0
MinimumVisualStudioVersion = 10.0.40219.1
Project("{FAE04EC0-301F-11D3-BF4B-00C04F79EFBC}") = "Jupiter", "Jupiter\Jupiter.csproj", "{AC968AF9-C1A7-4107-3BD3-E70AAB973D07}"
EndProject
Project("{FAE04EC0-301F-11D3-BF4B-00C04F79EFBC}") = "2xFM", "2xFM\TxFM.csproj", "{C7DBAAEE-728D-E6D1-FB98-460CDA41D3C0}"
EndProject
Global
	GlobalSection(SolutionConfigurationPlatforms) = preSolution
		Debug|Any CPU = Debug|Any CPU
		Release|Any CPU = Release|Any CPU
	EndGlobalSection
	GlobalSection(ProjectConfigurationPlatforms) = postSolution
		{AC968AF9-C1A7-4107-3BD3-E70AAB973D07}.Debug|Any CPU.ActiveCfg = Debug|Any CPU
		{AC968AF9-C1A7-4107-3BD3-E70AAB973D07}.Debug|Any CPU.Build.0 = Debug|Any CPU
		{AC968AF9-C1A7-4107-3BD3-E70AAB973D07}.Release|Any CPU.ActiveCfg = Release|Any CPU
		{AC968AF9-C1A7-4107-3BD3-E70AAB973D07}.Release|Any CPU.Build.0 = Release|Any CPU
		{C7DBAAEE-728D-E6D1-FB98-460CDA41D3C0}.Debug|Any CPU.ActiveCfg = Debug|Any CPU
		{C7DBAAEE-728D-E6D1-FB98-460CDA41D3C0}.Debug|Any CPU.Build.0 = Debug|Any CPU
		{C7DBAAEE-728D-E6D1-FB98-460CDA41D3C0}.Release|Any CPU.ActiveCfg = Release|Any CPU
		{C7DBAAEE-728D-E6D1-FB98-460CDA41D3C0}.Release|Any CPU.Build.0 = Release|Any CPU
	EndGlobalSection
	GlobalSection(SolutionProperties) = preSolution
		HideSolutionNode = FALSE
	EndGlobalSection
	GlobalSection(ExtensibilityGlobals) = postSolution
		SolutionGuid = {4494FE63-A7B4-4C6F-BAEA-FE7F5162918F}
	EndGlobalSection
EndGlobal
